
Microsoft Visual Studio Solution File, Format Version 12.00
# Visual Studio Version 16
VisualStudioVersion = 16.0.30011.22
MinimumVisualStudioVersion = 10.0.40219.1
Project("{FAE04EC0-301F-11D3-BF4B-00C04F79EFBC}") = "ServerMessenger", "ServerMessenger\ServerMessenger.csproj", "{AFF0AABF-81A5-4EAC-BB4A-A4DDAC00A061}"
EndProject
Project("{FAE04EC0-301F-11D3-BF4B-00C04F79EFBC}") = "LoggerWorker", "Logger\LoggerWorker.csproj", "{39DB3A15-94D8-48F5-BBD0-2C9B0B01A470}"
EndProject
Project("{FAE04EC0-301F-11D3-BF4B-00C04F79EFBC}") = "Common", "..\Common\Common.csproj", "{0AEDBDE3-7775-40BD-90F9-D2534EF93144}"
EndProject
Project("{FAE04EC0-301F-11D3-BF4B-00C04F79EFBC}") = "WcfService", "WcfService\WcfService.csproj", "{3EEFD3C3-433B-40F2-B8BF-871C5FE522E6}"
EndProject
Project("{FAE04EC0-301F-11D3-BF4B-00C04F79EFBC}") = "DbWorker", "DbWorker\DbWorker.csproj", "{1089EE4F-CA0D-44C9-97C7-48270B7AE502}"
EndProject
Project("{FAE04EC0-301F-11D3-BF4B-00C04F79EFBC}") = "ServerHelper", "ServerHelper\ServerHelper.csproj", "{93A884D8-F0AF-4684-96C4-E4F40D3F181A}"
EndProject
Global
	GlobalSection(SolutionConfigurationPlatforms) = preSolution
		Debug|Any CPU = Debug|Any CPU
		Release|Any CPU = Release|Any CPU
	EndGlobalSection
	GlobalSection(ProjectConfigurationPlatforms) = postSolution
		{AFF0AABF-81A5-4EAC-BB4A-A4DDAC00A061}.Debug|Any CPU.ActiveCfg = Debug|Any CPU
		{AFF0AABF-81A5-4EAC-BB4A-A4DDAC00A061}.Debug|Any CPU.Build.0 = Debug|Any CPU
		{AFF0AABF-81A5-4EAC-BB4A-A4DDAC00A061}.Release|Any CPU.ActiveCfg = Release|Any CPU
		{AFF0AABF-81A5-4EAC-BB4A-A4DDAC00A061}.Release|Any CPU.Build.0 = Release|Any CPU
		{39DB3A15-94D8-48F5-BBD0-2C9B0B01A470}.Debug|Any CPU.ActiveCfg = Debug|Any CPU
		{39DB3A15-94D8-48F5-BBD0-2C9B0B01A470}.Debug|Any CPU.Build.0 = Debug|Any CPU
		{39DB3A15-94D8-48F5-BBD0-2C9B0B01A470}.Release|Any CPU.ActiveCfg = Release|Any CPU
		{39DB3A15-94D8-48F5-BBD0-2C9B0B01A470}.Release|Any CPU.Build.0 = Release|Any CPU
		{0AEDBDE3-7775-40BD-90F9-D2534EF93144}.Debug|Any CPU.ActiveCfg = Debug|Any CPU
		{0AEDBDE3-7775-40BD-90F9-D2534EF93144}.Debug|Any CPU.Build.0 = Debug|Any CPU
		{0AEDBDE3-7775-40BD-90F9-D2534EF93144}.Release|Any CPU.ActiveCfg = Release|Any CPU
		{0AEDBDE3-7775-40BD-90F9-D2534EF93144}.Release|Any CPU.Build.0 = Release|Any CPU
		{3EEFD3C3-433B-40F2-B8BF-871C5FE522E6}.Debug|Any CPU.ActiveCfg = Debug|Any CPU
		{3EEFD3C3-433B-40F2-B8BF-871C5FE522E6}.Debug|Any CPU.Build.0 = Debug|Any CPU
		{3EEFD3C3-433B-40F2-B8BF-871C5FE522E6}.Release|Any CPU.ActiveCfg = Release|Any CPU
		{3EEFD3C3-433B-40F2-B8BF-871C5FE522E6}.Release|Any CPU.Build.0 = Release|Any CPU
		{1089EE4F-CA0D-44C9-97C7-48270B7AE502}.Debug|Any CPU.ActiveCfg = Debug|Any CPU
		{1089EE4F-CA0D-44C9-97C7-48270B7AE502}.Debug|Any CPU.Build.0 = Debug|Any CPU
		{1089EE4F-CA0D-44C9-97C7-48270B7AE502}.Release|Any CPU.ActiveCfg = Release|Any CPU
		{1089EE4F-CA0D-44C9-97C7-48270B7AE502}.Release|Any CPU.Build.0 = Release|Any CPU
		{93A884D8-F0AF-4684-96C4-E4F40D3F181A}.Debug|Any CPU.ActiveCfg = Debug|Any CPU
		{93A884D8-F0AF-4684-96C4-E4F40D3F181A}.Debug|Any CPU.Build.0 = Debug|Any CPU
		{93A884D8-F0AF-4684-96C4-E4F40D3F181A}.Release|Any CPU.ActiveCfg = Release|Any CPU
		{93A884D8-F0AF-4684-96C4-E4F40D3F181A}.Release|Any CPU.Build.0 = Release|Any CPU
	EndGlobalSection
	GlobalSection(SolutionProperties) = preSolution
		HideSolutionNode = FALSE
	EndGlobalSection
	GlobalSection(ExtensibilityGlobals) = postSolution
		SolutionGuid = {6671710C-3D0D-419B-9A8D-2447EEF4F5CF}
	EndGlobalSection
EndGlobal
